# THIS IS AN AUTOGENERATED FILE. DO NOT EDIT THIS FILE DIRECTLY.
# yarn lockfile v1


"@types/node@*", "@types/node@^7.0.21":
  version "7.0.21"
  resolved "https://registry.yarnpkg.com/@types/node/-/node-7.0.21.tgz#22a890f19b26cff9b6699b493dea1bcee4410da1"

"@types/uuid@^2.0.29":
  version "2.0.29"
  resolved "https://registry.yarnpkg.com/@types/uuid/-/uuid-2.0.29.tgz#939a198ab73567f811ab84f670d2be9c25addd41"
  dependencies:
    "@types/node" "*"

typescript@^2.3.2:
  version "2.3.2"
  resolved "https://registry.yarnpkg.com/typescript/-/typescript-2.3.2.tgz#f0f045e196f69a72f06b25fd3bd39d01c3ce9984"

uuid@^3.0.1:
  version "3.0.1"
  resolved "https://registry.yarnpkg.com/uuid/-/uuid-3.0.1.tgz#6544bba2dfda8c1cf17e629a3a305e2bb1fee6c1"
